
Microsoft Visual Studio Solution File, Format Version 12.00
# Visual Studio 15
VisualStudioVersion = 15.0.28307.1062
MinimumVisualStudioVersion = 10.0.40219.1
Project("{9A19103F-16F7-4668-BE54-9A1E7A4F7556}") = "app", "dynami\app.csproj", "{EBD7D29F-05BF-4DC1-9DB7-268A792149D8}"
EndProject
Project("{9A19103F-16F7-4668-BE54-9A1E7A4F7556}") = "model", "model\model.csproj", "{DE7A147A-B6B9-4CC7-87C7-249F5D9F6B23}"
EndProject
Project("{FAE04EC0-301F-11D3-BF4B-00C04F79EFBC}") = "unittest", "unittest\unittest.csproj", "{368AB195-FCAD-490E-9621-945BA17EBC31}"
EndProject
Global
	GlobalSection(SolutionConfigurationPlatforms) = preSolution
		Debug|Any CPU = Debug|Any CPU
		Release|Any CPU = Release|Any CPU
	EndGlobalSection
	GlobalSection(ProjectConfigurationPlatforms) = postSolution
		{EBD7D29F-05BF-4DC1-9DB7-268A792149D8}.Debug|Any CPU.ActiveCfg = Debug|Any CPU
		{EBD7D29F-05BF-4DC1-9DB7-268A792149D8}.Debug|Any CPU.Build.0 = Debug|Any CPU
		{EBD7D29F-05BF-4DC1-9DB7-268A792149D8}.Release|Any CPU.ActiveCfg = Release|Any CPU
		{EBD7D29F-05BF-4DC1-9DB7-268A792149D8}.Release|Any CPU.Build.0 = Release|Any CPU
		{DE7A147A-B6B9-4CC7-87C7-249F5D9F6B23}.Debug|Any CPU.ActiveCfg = Debug|Any CPU
		{DE7A147A-B6B9-4CC7-87C7-249F5D9F6B23}.Debug|Any CPU.Build.0 = Debug|Any CPU
		{DE7A147A-B6B9-4CC7-87C7-249F5D9F6B23}.Release|Any CPU.ActiveCfg = Release|Any CPU
		{DE7A147A-B6B9-4CC7-87C7-249F5D9F6B23}.Release|Any CPU.Build.0 = Release|Any CPU
		{368AB195-FCAD-490E-9621-945BA17EBC31}.Debug|Any CPU.ActiveCfg = Debug|Any CPU
		{368AB195-FCAD-490E-9621-945BA17EBC31}.Debug|Any CPU.Build.0 = Debug|Any CPU
		{368AB195-FCAD-490E-9621-945BA17EBC31}.Release|Any CPU.ActiveCfg = Release|Any CPU
		{368AB195-FCAD-490E-9621-945BA17EBC31}.Release|Any CPU.Build.0 = Release|Any CPU
	EndGlobalSection
	GlobalSection(SolutionProperties) = preSolution
		HideSolutionNode = FALSE
	EndGlobalSection
	GlobalSection(ExtensibilityGlobals) = postSolution
		SolutionGuid = {E46A4966-0CDE-4236-8731-C160A535A6F8}
	EndGlobalSection
EndGlobal
